
Microsoft Visual Studio Solution File, Format Version 12.00
# Visual Studio Version 17
VisualStudioVersion = 17.13.35919.96
MinimumVisualStudioVersion = 10.0.40219.1
Project("{FAE04EC0-301F-11D3-BF4B-00C04F79EFBC}") = "Bakalarska-prace", "Bakalarska-prace\Bakalarska-prace.csproj", "{168E8E97-6159-4F6C-933D-84DA655CBCAC}"
EndProject
Global
	GlobalSection(SolutionConfigurationPlatforms) = preSolution
		Debug|Any CPU = Debug|Any CPU
		Release|Any CPU = Release|Any CPU
	EndGlobalSection
	GlobalSection(ProjectConfigurationPlatforms) = postSolution
		{168E8E97-6159-4F6C-933D-84DA655CBCAC}.Debug|Any CPU.ActiveCfg = Debug|Any CPU
		{168E8E97-6159-4F6C-933D-84DA655CBCAC}.Debug|Any CPU.Build.0 = Debug|Any CPU
		{168E8E97-6159-4F6C-933D-84DA655CBCAC}.Release|Any CPU.ActiveCfg = Release|Any CPU
		{168E8E97-6159-4F6C-933D-84DA655CBCAC}.Release|Any CPU.Build.0 = Release|Any CPU
	EndGlobalSection
	GlobalSection(SolutionProperties) = preSolution
		HideSolutionNode = FALSE
	EndGlobalSection
	GlobalSection(ExtensibilityGlobals) = postSolution
		SolutionGuid = {5CFFF729-021E-4C9B-B323-61595C0ACB61}
	EndGlobalSection
EndGlobal
